
Microsoft Visual Studio Solution File, Format Version 12.00
# Visual Studio Version 17
VisualStudioVersion = 17.5.33502.453
MinimumVisualStudioVersion = 10.0.40219.1
Project("{FAE04EC0-301F-11D3-BF4B-00C04F79EFBC}") = "WindowsFormProject", "WindowsFormProject.csproj", "{4829D7BC-03B9-45F4-9314-39C8D770C448}"
EndProject
Project("{00D1A9C2-B5F0-4AF3-8072-F6C62B433612}") = "VetDatabase", "..\VetDatabase\VetDatabase.sqlproj", "{92BB0F64-17C1-410E-9531-C3D00D7D40AF}"
EndProject
Project("{2150E333-8FDC-42A3-9474-1A3956D46DE8}") = "Solution Items", "Solution Items", "{E194BB75-FD9D-4FD4-BF48-05809BF5E078}"
	ProjectSection(SolutionItems) = preProject
		README.txt = README.txt
		..\..\VetDB_Backup = ..\..\VetDB_Backup
	EndProjectSection
EndProject
Global
	GlobalSection(SolutionConfigurationPlatforms) = preSolution
		Debug|Any CPU = Debug|Any CPU
		Release|Any CPU = Release|Any CPU
	EndGlobalSection
	GlobalSection(ProjectConfigurationPlatforms) = postSolution
		{4829D7BC-03B9-45F4-9314-39C8D770C448}.Debug|Any CPU.ActiveCfg = Debug|Any CPU
		{4829D7BC-03B9-45F4-9314-39C8D770C448}.Debug|Any CPU.Build.0 = Debug|Any CPU
		{4829D7BC-03B9-45F4-9314-39C8D770C448}.Release|Any CPU.ActiveCfg = Release|Any CPU
		{4829D7BC-03B9-45F4-9314-39C8D770C448}.Release|Any CPU.Build.0 = Release|Any CPU
		{92BB0F64-17C1-410E-9531-C3D00D7D40AF}.Debug|Any CPU.ActiveCfg = Debug|Any CPU
		{92BB0F64-17C1-410E-9531-C3D00D7D40AF}.Debug|Any CPU.Build.0 = Debug|Any CPU
		{92BB0F64-17C1-410E-9531-C3D00D7D40AF}.Debug|Any CPU.Deploy.0 = Debug|Any CPU
		{92BB0F64-17C1-410E-9531-C3D00D7D40AF}.Release|Any CPU.ActiveCfg = Release|Any CPU
		{92BB0F64-17C1-410E-9531-C3D00D7D40AF}.Release|Any CPU.Build.0 = Release|Any CPU
		{92BB0F64-17C1-410E-9531-C3D00D7D40AF}.Release|Any CPU.Deploy.0 = Release|Any CPU
	EndGlobalSection
	GlobalSection(SolutionProperties) = preSolution
		HideSolutionNode = FALSE
	EndGlobalSection
	GlobalSection(ExtensibilityGlobals) = postSolution
		SolutionGuid = {8FA85FC1-83DB-414D-B325-581B1ABBAD00}
	EndGlobalSection
EndGlobal
